
Microsoft Visual Studio Solution File, Format Version 12.00
# Visual Studio Version 17
VisualStudioVersion = 17.13.35919.96 d17.13
MinimumVisualStudioVersion = 10.0.40219.1
Project("{FAE04EC0-301F-11D3-BF4B-00C04F79EFBC}") = "WindowsFormsApp_09_Class_UpCasting", "WindowsFormsApp_09_Class_UpCasting\WindowsFormsApp_09_Class_UpCasting.csproj", "{DA872BB8-BB09-4E05-8485-18E6723CD104}"
EndProject
Global
	GlobalSection(SolutionConfigurationPlatforms) = preSolution
		Debug|Any CPU = Debug|Any CPU
		Release|Any CPU = Release|Any CPU
	EndGlobalSection
	GlobalSection(ProjectConfigurationPlatforms) = postSolution
		{DA872BB8-BB09-4E05-8485-18E6723CD104}.Debug|Any CPU.ActiveCfg = Debug|Any CPU
		{DA872BB8-BB09-4E05-8485-18E6723CD104}.Debug|Any CPU.Build.0 = Debug|Any CPU
		{DA872BB8-BB09-4E05-8485-18E6723CD104}.Release|Any CPU.ActiveCfg = Release|Any CPU
		{DA872BB8-BB09-4E05-8485-18E6723CD104}.Release|Any CPU.Build.0 = Release|Any CPU
	EndGlobalSection
	GlobalSection(SolutionProperties) = preSolution
		HideSolutionNode = FALSE
	EndGlobalSection
	GlobalSection(ExtensibilityGlobals) = postSolution
		SolutionGuid = {F7486C88-3A10-494A-8740-A735B032BA38}
	EndGlobalSection
EndGlobal
