
Microsoft Visual Studio Solution File, Format Version 12.00
# Visual Studio Version 17
VisualStudioVersion = 17.13.35919.96 d17.13
MinimumVisualStudioVersion = 10.0.40219.1
Project("{FAE04EC0-301F-11D3-BF4B-00C04F79EFBC}") = "WindowsFormsApp_09_Class_UpCasting", "WindowsFormsApp_09_Class_UpCasting\WindowsFormsApp_09_Class_UpCasting.csproj", "{BBA0CAAF-D738-4C59-8048-836A66D1CC0D}"
EndProject
Global
	GlobalSection(SolutionConfigurationPlatforms) = preSolution
		Debug|Any CPU = Debug|Any CPU
		Release|Any CPU = Release|Any CPU
	EndGlobalSection
	GlobalSection(ProjectConfigurationPlatforms) = postSolution
		{BBA0CAAF-D738-4C59-8048-836A66D1CC0D}.Debug|Any CPU.ActiveCfg = Debug|Any CPU
		{BBA0CAAF-D738-4C59-8048-836A66D1CC0D}.Debug|Any CPU.Build.0 = Debug|Any CPU
		{BBA0CAAF-D738-4C59-8048-836A66D1CC0D}.Release|Any CPU.ActiveCfg = Release|Any CPU
		{BBA0CAAF-D738-4C59-8048-836A66D1CC0D}.Release|Any CPU.Build.0 = Release|Any CPU
	EndGlobalSection
	GlobalSection(SolutionProperties) = preSolution
		HideSolutionNode = FALSE
	EndGlobalSection
	GlobalSection(ExtensibilityGlobals) = postSolution
		SolutionGuid = {5CB00EC0-B981-4525-A5C4-013DDE78F24A}
	EndGlobalSection
EndGlobal
