
Microsoft Visual Studio Solution File, Format Version 12.00
# Visual Studio Version 17
VisualStudioVersion = 17.13.35931.197 d17.13
MinimumVisualStudioVersion = 10.0.40219.1
Project("{FAE04EC0-301F-11D3-BF4B-00C04F79EFBC}") = "WpfApp_00_Tutorial02", "WpfApp_00_Tutorial02\WpfApp_00_Tutorial02.csproj", "{77409207-FE93-4089-8E40-61F622CC1A40}"
EndProject
Global
	GlobalSection(SolutionConfigurationPlatforms) = preSolution
		Debug|Any CPU = Debug|Any CPU
		Release|Any CPU = Release|Any CPU
	EndGlobalSection
	GlobalSection(ProjectConfigurationPlatforms) = postSolution
		{77409207-FE93-4089-8E40-61F622CC1A40}.Debug|Any CPU.ActiveCfg = Debug|Any CPU
		{77409207-FE93-4089-8E40-61F622CC1A40}.Debug|Any CPU.Build.0 = Debug|Any CPU
		{77409207-FE93-4089-8E40-61F622CC1A40}.Release|Any CPU.ActiveCfg = Release|Any CPU
		{77409207-FE93-4089-8E40-61F622CC1A40}.Release|Any CPU.Build.0 = Release|Any CPU
	EndGlobalSection
	GlobalSection(SolutionProperties) = preSolution
		HideSolutionNode = FALSE
	EndGlobalSection
	GlobalSection(ExtensibilityGlobals) = postSolution
		SolutionGuid = {980F465F-6A68-46D1-864D-57E161858330}
	EndGlobalSection
EndGlobal
