
Microsoft Visual Studio Solution File, Format Version 12.00
# Visual Studio Version 17
VisualStudioVersion = 17.13.35919.96 d17.13
MinimumVisualStudioVersion = 10.0.40219.1
Project("{FAE04EC0-301F-11D3-BF4B-00C04F79EFBC}") = "WindowsFormsApp_04_Condition", "WindowsFormsApp_04_Condition\WindowsFormsApp_04_Condition.csproj", "{6A712D4D-5673-4481-A110-4FD4A384560E}"
EndProject
Global
	GlobalSection(SolutionConfigurationPlatforms) = preSolution
		Debug|Any CPU = Debug|Any CPU
		Release|Any CPU = Release|Any CPU
	EndGlobalSection
	GlobalSection(ProjectConfigurationPlatforms) = postSolution
		{6A712D4D-5673-4481-A110-4FD4A384560E}.Debug|Any CPU.ActiveCfg = Debug|Any CPU
		{6A712D4D-5673-4481-A110-4FD4A384560E}.Debug|Any CPU.Build.0 = Debug|Any CPU
		{6A712D4D-5673-4481-A110-4FD4A384560E}.Release|Any CPU.ActiveCfg = Release|Any CPU
		{6A712D4D-5673-4481-A110-4FD4A384560E}.Release|Any CPU.Build.0 = Release|Any CPU
	EndGlobalSection
	GlobalSection(SolutionProperties) = preSolution
		HideSolutionNode = FALSE
	EndGlobalSection
	GlobalSection(ExtensibilityGlobals) = postSolution
		SolutionGuid = {AC2EE241-2723-4048-B78E-260CA3976BE3}
	EndGlobalSection
EndGlobal
