
Microsoft Visual Studio Solution File, Format Version 12.00
# Visual Studio Version 17
VisualStudioVersion = 17.13.35931.197 d17.13
MinimumVisualStudioVersion = 10.0.40219.1
Project("{FAE04EC0-301F-11D3-BF4B-00C04F79EFBC}") = "Operator_pratice", "Operator_pratice\Operator_pratice.csproj", "{7C759FA4-CD0F-491E-B052-491DCF4B0496}"
EndProject
Global
	GlobalSection(SolutionConfigurationPlatforms) = preSolution
		Debug|Any CPU = Debug|Any CPU
		Release|Any CPU = Release|Any CPU
	EndGlobalSection
	GlobalSection(ProjectConfigurationPlatforms) = postSolution
		{7C759FA4-CD0F-491E-B052-491DCF4B0496}.Debug|Any CPU.ActiveCfg = Debug|Any CPU
		{7C759FA4-CD0F-491E-B052-491DCF4B0496}.Debug|Any CPU.Build.0 = Debug|Any CPU
		{7C759FA4-CD0F-491E-B052-491DCF4B0496}.Release|Any CPU.ActiveCfg = Release|Any CPU
		{7C759FA4-CD0F-491E-B052-491DCF4B0496}.Release|Any CPU.Build.0 = Release|Any CPU
	EndGlobalSection
	GlobalSection(SolutionProperties) = preSolution
		HideSolutionNode = FALSE
	EndGlobalSection
	GlobalSection(ExtensibilityGlobals) = postSolution
		SolutionGuid = {E5B95B3F-CC59-443D-A826-EAA45BBFEA6F}
	EndGlobalSection
EndGlobal
