
Microsoft Visual Studio Solution File, Format Version 12.00
# Visual Studio Version 17
VisualStudioVersion = 17.13.35919.96 d17.13
MinimumVisualStudioVersion = 10.0.40219.1
Project("{FAE04EC0-301F-11D3-BF4B-00C04F79EFBC}") = "WpfAppTest", "WpfAppTest\WpfAppTest.csproj", "{6D040F25-FF1E-450B-A79D-8044AE3E696B}"
EndProject
Global
	GlobalSection(SolutionConfigurationPlatforms) = preSolution
		Debug|Any CPU = Debug|Any CPU
		Release|Any CPU = Release|Any CPU
	EndGlobalSection
	GlobalSection(ProjectConfigurationPlatforms) = postSolution
		{6D040F25-FF1E-450B-A79D-8044AE3E696B}.Debug|Any CPU.ActiveCfg = Debug|Any CPU
		{6D040F25-FF1E-450B-A79D-8044AE3E696B}.Debug|Any CPU.Build.0 = Debug|Any CPU
		{6D040F25-FF1E-450B-A79D-8044AE3E696B}.Release|Any CPU.ActiveCfg = Release|Any CPU
		{6D040F25-FF1E-450B-A79D-8044AE3E696B}.Release|Any CPU.Build.0 = Release|Any CPU
	EndGlobalSection
	GlobalSection(SolutionProperties) = preSolution
		HideSolutionNode = FALSE
	EndGlobalSection
	GlobalSection(ExtensibilityGlobals) = postSolution
		SolutionGuid = {820CCF5C-CCD4-43F5-A621-EE5DE0E87941}
	EndGlobalSection
EndGlobal
