
Microsoft Visual Studio Solution File, Format Version 12.00
# Visual Studio Version 17
VisualStudioVersion = 17.13.35919.96 d17.13
MinimumVisualStudioVersion = 10.0.40219.1
Project("{FAE04EC0-301F-11D3-BF4B-00C04F79EFBC}") = "WindowsFormsApp_Struct_Ex", "WindowsFormsApp_Struct_Ex\WindowsFormsApp_Struct_Ex.csproj", "{5B5B6C8A-F997-4316-AA73-31F2BD70B0F6}"
EndProject
Global
	GlobalSection(SolutionConfigurationPlatforms) = preSolution
		Debug|Any CPU = Debug|Any CPU
		Release|Any CPU = Release|Any CPU
	EndGlobalSection
	GlobalSection(ProjectConfigurationPlatforms) = postSolution
		{5B5B6C8A-F997-4316-AA73-31F2BD70B0F6}.Debug|Any CPU.ActiveCfg = Debug|Any CPU
		{5B5B6C8A-F997-4316-AA73-31F2BD70B0F6}.Debug|Any CPU.Build.0 = Debug|Any CPU
		{5B5B6C8A-F997-4316-AA73-31F2BD70B0F6}.Release|Any CPU.ActiveCfg = Release|Any CPU
		{5B5B6C8A-F997-4316-AA73-31F2BD70B0F6}.Release|Any CPU.Build.0 = Release|Any CPU
	EndGlobalSection
	GlobalSection(SolutionProperties) = preSolution
		HideSolutionNode = FALSE
	EndGlobalSection
	GlobalSection(ExtensibilityGlobals) = postSolution
		SolutionGuid = {81286F32-4391-4B13-9F80-ADC51BF7B873}
	EndGlobalSection
EndGlobal
