
Microsoft Visual Studio Solution File, Format Version 12.00
# Visual Studio Version 17
VisualStudioVersion = 17.13.35919.96 d17.13
MinimumVisualStudioVersion = 10.0.40219.1
Project("{FAE04EC0-301F-11D3-BF4B-00C04F79EFBC}") = "HelloWPFApp", "HelloWPFApp\HelloWPFApp.csproj", "{AE0191A2-FD02-42DB-A8D3-3151CAEF18DE}"
EndProject
Global
	GlobalSection(SolutionConfigurationPlatforms) = preSolution
		Debug|Any CPU = Debug|Any CPU
		Release|Any CPU = Release|Any CPU
	EndGlobalSection
	GlobalSection(ProjectConfigurationPlatforms) = postSolution
		{AE0191A2-FD02-42DB-A8D3-3151CAEF18DE}.Debug|Any CPU.ActiveCfg = Debug|Any CPU
		{AE0191A2-FD02-42DB-A8D3-3151CAEF18DE}.Debug|Any CPU.Build.0 = Debug|Any CPU
		{AE0191A2-FD02-42DB-A8D3-3151CAEF18DE}.Release|Any CPU.ActiveCfg = Release|Any CPU
		{AE0191A2-FD02-42DB-A8D3-3151CAEF18DE}.Release|Any CPU.Build.0 = Release|Any CPU
	EndGlobalSection
	GlobalSection(SolutionProperties) = preSolution
		HideSolutionNode = FALSE
	EndGlobalSection
	GlobalSection(ExtensibilityGlobals) = postSolution
		SolutionGuid = {15E1A7F3-BE81-437B-8D4B-A3F3D16835CF}
	EndGlobalSection
EndGlobal
