
Microsoft Visual Studio Solution File, Format Version 12.00
# Visual Studio Version 17
VisualStudioVersion = 17.13.35919.96 d17.13
MinimumVisualStudioVersion = 10.0.40219.1
Project("{FAE04EC0-301F-11D3-BF4B-00C04F79EFBC}") = "WindowsFormsApp_05_Loop", "WindowsFormsApp_05_Loop\WindowsFormsApp_05_Loop.csproj", "{2BEC62BE-BD80-4158-90AF-DBB777CD088A}"
EndProject
Global
	GlobalSection(SolutionConfigurationPlatforms) = preSolution
		Debug|Any CPU = Debug|Any CPU
		Release|Any CPU = Release|Any CPU
	EndGlobalSection
	GlobalSection(ProjectConfigurationPlatforms) = postSolution
		{2BEC62BE-BD80-4158-90AF-DBB777CD088A}.Debug|Any CPU.ActiveCfg = Debug|Any CPU
		{2BEC62BE-BD80-4158-90AF-DBB777CD088A}.Debug|Any CPU.Build.0 = Debug|Any CPU
		{2BEC62BE-BD80-4158-90AF-DBB777CD088A}.Release|Any CPU.ActiveCfg = Release|Any CPU
		{2BEC62BE-BD80-4158-90AF-DBB777CD088A}.Release|Any CPU.Build.0 = Release|Any CPU
	EndGlobalSection
	GlobalSection(SolutionProperties) = preSolution
		HideSolutionNode = FALSE
	EndGlobalSection
	GlobalSection(ExtensibilityGlobals) = postSolution
		SolutionGuid = {0BDF7634-B561-481C-85E3-04A0524EEFD0}
	EndGlobalSection
EndGlobal
