
Microsoft Visual Studio Solution File, Format Version 12.00
# Visual Studio Version 17
VisualStudioVersion = 17.13.35919.96 d17.13
MinimumVisualStudioVersion = 10.0.40219.1
Project("{FAE04EC0-301F-11D3-BF4B-00C04F79EFBC}") = "WindowsFormsApp1", "WindowsFormsApp1\WindowsFormsApp1.csproj", "{D2089ACC-87C6-4B09-A5B5-70DA86FD24B9}"
EndProject
Global
	GlobalSection(SolutionConfigurationPlatforms) = preSolution
		Debug|Any CPU = Debug|Any CPU
		Release|Any CPU = Release|Any CPU
	EndGlobalSection
	GlobalSection(ProjectConfigurationPlatforms) = postSolution
		{D2089ACC-87C6-4B09-A5B5-70DA86FD24B9}.Debug|Any CPU.ActiveCfg = Debug|Any CPU
		{D2089ACC-87C6-4B09-A5B5-70DA86FD24B9}.Debug|Any CPU.Build.0 = Debug|Any CPU
		{D2089ACC-87C6-4B09-A5B5-70DA86FD24B9}.Release|Any CPU.ActiveCfg = Release|Any CPU
		{D2089ACC-87C6-4B09-A5B5-70DA86FD24B9}.Release|Any CPU.Build.0 = Release|Any CPU
	EndGlobalSection
	GlobalSection(SolutionProperties) = preSolution
		HideSolutionNode = FALSE
	EndGlobalSection
	GlobalSection(ExtensibilityGlobals) = postSolution
		SolutionGuid = {DDF8B3B4-203A-486D-83BB-3EB1B7ECF45A}
	EndGlobalSection
EndGlobal
